
Microsoft Visual Studio Solution File, Format Version 12.00
# Visual Studio Version 17
VisualStudioVersion = 17.0.32014.148
MinimumVisualStudioVersion = 10.0.40219.1
Project("{9A19103F-16F7-4668-BE54-9A1E7A4F7556}") = "billing_software", "billing_software.csproj", "{7A1CAFF8-32EE-4824-9680-7836C6F62439}"
EndProject
Project("{2150E333-8FDC-42A3-9474-1A3956D46DE8}") = "Solution Items", "Solution Items", "{A96054B5-59CD-46D5-B181-C770C8B08A48}"
	ProjectSection(SolutionItems) = preProject
		.editorconfig = .editorconfig
	EndProjectSection
EndProject
Global
	GlobalSection(SolutionConfigurationPlatforms) = preSolution
		Debug|Any CPU = Debug|Any CPU
		Release|Any CPU = Release|Any CPU
	EndGlobalSection
	GlobalSection(ProjectConfigurationPlatforms) = postSolution
		{7A1CAFF8-32EE-4824-9680-7836C6F62439}.Debug|Any CPU.ActiveCfg = Debug|Any CPU
		{7A1CAFF8-32EE-4824-9680-7836C6F62439}.Debug|Any CPU.Build.0 = Debug|Any CPU
		{7A1CAFF8-32EE-4824-9680-7836C6F62439}.Release|Any CPU.ActiveCfg = Release|Any CPU
		{7A1CAFF8-32EE-4824-9680-7836C6F62439}.Release|Any CPU.Build.0 = Release|Any CPU
	EndGlobalSection
	GlobalSection(SolutionProperties) = preSolution
		HideSolutionNode = FALSE
	EndGlobalSection
	GlobalSection(ExtensibilityGlobals) = postSolution
		SolutionGuid = {20D23F88-57E6-4A1A-8804-2494FF197C10}
	EndGlobalSection
EndGlobal
